<?xml version="1.0" encoding="utf-8"?>
<Project ToolsVersion="4.0" xmlns="http://schemas.microsoft.com/developer/msbuild/2003">
  <ItemGroup>
    <Filter Include="Bell">
      <UniqueIdentifier>{84FC827C-7033-840D-1920-6A100536000F}</UniqueIdentifier>
    </Filter>
    <Filter Include="Bell\Events">
      <UniqueIdentifier>{E8EB3681-54A1-AF76-DD95-A94D494AA67A}</UniqueIdentifier>
    </Filter>
    <Filter Include="Platform">
      <UniqueIdentifier>{2AC788B4-1694-E3BF-3FAD-D1672BD9184E}</UniqueIdentifier>
    </Filter>
    <Filter Include="Platform\Windows">
      <UniqueIdentifier>{64FBD71A-50F4-F66C-7926-DCF1657ED678}</UniqueIdentifier>
    </Filter>
  </ItemGroup>
  <ItemGroup>
    <ClInclude Include="src\Bell.h" />
    <ClInclude Include="src\Bell\Application.h">
      <Filter>Bell</Filter>
    </ClInclude>
    <ClInclude Include="src\Bell\Core.h">
      <Filter>Bell</Filter>
    </ClInclude>
    <ClInclude Include="src\Bell\EntryPoint.h">
      <Filter>Bell</Filter>
    </ClInclude>
    <ClInclude Include="src\Bell\Events\ApplicationEvent.h">
      <Filter>Bell\Events</Filter>
    </ClInclude>
    <ClInclude Include="src\Bell\Events\Event.h">
      <Filter>Bell\Events</Filter>
    </ClInclude>
    <ClInclude Include="src\Bell\Events\KeyEvent.h">
      <Filter>Bell\Events</Filter>
    </ClInclude>
    <ClInclude Include="src\Bell\Events\MouseEvent.h">
      <Filter>Bell\Events</Filter>
    </ClInclude>
    <ClInclude Include="src\Bell\Log.h">
      <Filter>Bell</Filter>
    </ClInclude>
    <ClInclude Include="src\Bell\Window.h">
      <Filter>Bell</Filter>
    </ClInclude>
    <ClInclude Include="src\Platform\Windows\WindowsWindow.h">
      <Filter>Platform\Windows</Filter>
    </ClInclude>
    <ClInclude Include="src\bpch.h" />
    <ClInclude Include="src\Bell\Layer\Layer.h" />
    <ClInclude Include="src\Bell\Layer\LayerStack.h" />
  </ItemGroup>
  <ItemGroup>
    <ClCompile Include="src\Bell\Application.cpp">
      <Filter>Bell</Filter>
    </ClCompile>
    <ClCompile Include="src\Bell\Log.cpp">
      <Filter>Bell</Filter>
    </ClCompile>
    <ClCompile Include="src\Platform\Windows\WindowsWindow.cpp">
      <Filter>Platform\Windows</Filter>
    </ClCompile>
    <ClCompile Include="src\bpch.cpp" />
    <ClCompile Include="src\Bell\Layer\Layer.cpp" />
    <ClCompile Include="src\Bell\Layer\LayerStack.cpp" />
  </ItemGroup>
</Project>